{
  "name": "gitlab-pipelines",
  "version": "0.2.0",
  "lockfileVersion": 1,
  "requires": true,
  "dependencies": {
    "@electron/remote": {
      "version": "2.1.2",
      "resolved": "https://registry.npmjs.org/@electron/remote/-/remote-2.1.2.tgz",
      "integrity": "sha512-EPwNx+nhdrTBxyCqXt/pftoQg/ybtWDW3DUWHafejvnB1ZGGfMpv6e15D8KeempocjXe78T7WreyGGb3mlZxdA=="
    }
  }
}
